
Microsoft Visual Studio Solution File, Format Version 12.00
# Visual Studio Version 17
VisualStudioVersion = 17.14.36623.8 d17.14
MinimumVisualStudioVersion = 10.0.40219.1
Project("{FAE04EC0-301F-11D3-BF4B-00C04F79EFBC}") = "EncuestaRazor19795362", "EncuestaRazor19795362\EncuestaRazor19795362.csproj", "{AD6CCE6A-0C31-4AA5-AC49-6A89085AE85B}"
EndProject
Global
	GlobalSection(SolutionConfigurationPlatforms) = preSolution
		Debug|Any CPU = Debug|Any CPU
		Release|Any CPU = Release|Any CPU
	EndGlobalSection
	GlobalSection(ProjectConfigurationPlatforms) = postSolution
		{AD6CCE6A-0C31-4AA5-AC49-6A89085AE85B}.Debug|Any CPU.ActiveCfg = Debug|Any CPU
		{AD6CCE6A-0C31-4AA5-AC49-6A89085AE85B}.Debug|Any CPU.Build.0 = Debug|Any CPU
		{AD6CCE6A-0C31-4AA5-AC49-6A89085AE85B}.Release|Any CPU.ActiveCfg = Release|Any CPU
		{AD6CCE6A-0C31-4AA5-AC49-6A89085AE85B}.Release|Any CPU.Build.0 = Release|Any CPU
	EndGlobalSection
	GlobalSection(SolutionProperties) = preSolution
		HideSolutionNode = FALSE
	EndGlobalSection
	GlobalSection(ExtensibilityGlobals) = postSolution
		SolutionGuid = {A8D71180-2C71-43D4-B2E8-9F426B9F1E76}
	EndGlobalSection
EndGlobal
